Microsoft Visual Studio Solution File, Format Version 12.00
# Visual Studio Version 17
VisualStudioVersion = 17.5.2.0
MinimumVisualStudioVersion = 10.0.40219.1
Project("{FAE04EC0-301F-11D3-BF4B-00C04F79EFBC}") = "AvitoMiniApp", "AvitoMiniApp.csproj", "{911EDA08-7311-743E-1F66-AE8579DBAE6E}"
EndProject
Global
	GlobalSection(SolutionConfigurationPlatforms) = preSolution
		Debug|Any CPU = Debug|Any CPU
		Release|Any CPU = Release|Any CPU
	EndGlobalSection
	GlobalSection(ProjectConfigurationPlatforms) = postSolution
		{911EDA08-7311-743E-1F66-AE8579DBAE6E}.Debug|Any CPU.ActiveCfg = Debug|Any CPU
		{911EDA08-7311-743E-1F66-AE8579DBAE6E}.Debug|Any CPU.Build.0 = Debug|Any CPU
		{911EDA08-7311-743E-1F66-AE8579DBAE6E}.Release|Any CPU.ActiveCfg = Release|Any CPU
		{911EDA08-7311-743E-1F66-AE8579DBAE6E}.Release|Any CPU.Build.0 = Release|Any CPU
	EndGlobalSection
	GlobalSection(SolutionProperties) = preSolution
		HideSolutionNode = FALSE
	EndGlobalSection
	GlobalSection(ExtensibilityGlobals) = postSolution
		SolutionGuid = {58679FBE-0461-4065-A08A-D2C1668AD97E}
	EndGlobalSection
EndGlobal
